
Microsoft Visual Studio Solution File, Format Version 12.00
# Visual Studio Version 17
VisualStudioVersion = 17.10.35027.167
MinimumVisualStudioVersion = 10.0.40219.1
Project("{9A19103F-16F7-4668-BE54-9A1E7A4F7556}") = "KXStoreSystem", "KXStoreSystem\KXStoreSystem.csproj", "{C0916775-C967-43FE-B8C5-8E540B99C915}"
EndProject
Project("{9A19103F-16F7-4668-BE54-9A1E7A4F7556}") = "KXStoreSystem.Application", "KXStoreSystem.Application\KXStoreSystem.Application.csproj", "{B46A435E-94CB-43ED-914F-A57B136451E1}"
EndProject
Project("{9A19103F-16F7-4668-BE54-9A1E7A4F7556}") = "KXStoreSystem.Domain", "KXStoreSystem.Domain\KXStoreSystem.Domain.csproj", "{40504EDB-EC27-4C85-B3E9-8EF6566CB711}"
EndProject
Project("{9A19103F-16F7-4668-BE54-9A1E7A4F7556}") = "KXStoreSystem.Infrasctructure", "KXStoreSystem.Infrasctructure\KXStoreSystem.Infrasctructure.csproj", "{156BE335-6AFB-42EF-BE5C-D6A14D9427ED}"
EndProject
Project("{9A19103F-16F7-4668-BE54-9A1E7A4F7556}") = "KXStoreSystem.Front", "KXStoreSystem.Front\KXStoreSystem.Front.csproj", "{A6673191-CEFF-40FB-9AF8-BE3B3A545E4F}"
	ProjectSection(ProjectDependencies) = postProject
		{40504EDB-EC27-4C85-B3E9-8EF6566CB711} = {40504EDB-EC27-4C85-B3E9-8EF6566CB711}
	EndProjectSection
EndProject
Global
	GlobalSection(SolutionConfigurationPlatforms) = preSolution
		Debug|Any CPU = Debug|Any CPU
		Release|Any CPU = Release|Any CPU
	EndGlobalSection
	GlobalSection(ProjectConfigurationPlatforms) = postSolution
		{C0916775-C967-43FE-B8C5-8E540B99C915}.Debug|Any CPU.ActiveCfg = Debug|Any CPU
		{C0916775-C967-43FE-B8C5-8E540B99C915}.Debug|Any CPU.Build.0 = Debug|Any CPU
		{C0916775-C967-43FE-B8C5-8E540B99C915}.Release|Any CPU.ActiveCfg = Release|Any CPU
		{C0916775-C967-43FE-B8C5-8E540B99C915}.Release|Any CPU.Build.0 = Release|Any CPU
		{B46A435E-94CB-43ED-914F-A57B136451E1}.Debug|Any CPU.ActiveCfg = Debug|Any CPU
		{B46A435E-94CB-43ED-914F-A57B136451E1}.Debug|Any CPU.Build.0 = Debug|Any CPU
		{B46A435E-94CB-43ED-914F-A57B136451E1}.Release|Any CPU.ActiveCfg = Release|Any CPU
		{B46A435E-94CB-43ED-914F-A57B136451E1}.Release|Any CPU.Build.0 = Release|Any CPU
		{40504EDB-EC27-4C85-B3E9-8EF6566CB711}.Debug|Any CPU.ActiveCfg = Debug|Any CPU
		{40504EDB-EC27-4C85-B3E9-8EF6566CB711}.Debug|Any CPU.Build.0 = Debug|Any CPU
		{40504EDB-EC27-4C85-B3E9-8EF6566CB711}.Release|Any CPU.ActiveCfg = Release|Any CPU
		{40504EDB-EC27-4C85-B3E9-8EF6566CB711}.Release|Any CPU.Build.0 = Release|Any CPU
		{156BE335-6AFB-42EF-BE5C-D6A14D9427ED}.Debug|Any CPU.ActiveCfg = Debug|Any CPU
		{156BE335-6AFB-42EF-BE5C-D6A14D9427ED}.Debug|Any CPU.Build.0 = Debug|Any CPU
		{156BE335-6AFB-42EF-BE5C-D6A14D9427ED}.Release|Any CPU.ActiveCfg = Release|Any CPU
		{156BE335-6AFB-42EF-BE5C-D6A14D9427ED}.Release|Any CPU.Build.0 = Release|Any CPU
		{A6673191-CEFF-40FB-9AF8-BE3B3A545E4F}.Debug|Any CPU.ActiveCfg = Debug|Any CPU
		{A6673191-CEFF-40FB-9AF8-BE3B3A545E4F}.Debug|Any CPU.Build.0 = Debug|Any CPU
		{A6673191-CEFF-40FB-9AF8-BE3B3A545E4F}.Release|Any CPU.ActiveCfg = Release|Any CPU
		{A6673191-CEFF-40FB-9AF8-BE3B3A545E4F}.Release|Any CPU.Build.0 = Release|Any CPU
	EndGlobalSection
	GlobalSection(SolutionProperties) = preSolution
		HideSolutionNode = FALSE
	EndGlobalSection
	GlobalSection(ExtensibilityGlobals) = postSolution
		SolutionGuid = {BDD9A1D4-971E-434A-82F5-80428AF60923}
	EndGlobalSection
EndGlobal
